# @generated by Move, please check-in and do not edit manually.

[move]
version = 0
manifest_digest = "6C054072BB89A09A9DB2873F975927EE5F4CF76BB1176AD3F67F1E7B69DA763E"
deps_digest = "F8BBB0CCB2491CA29A3DF03D6F92277A4F3574266507ACD77214D37ECA3F3082"

dependencies = [
  { name = "Sui" },
]

[[move.package]]
name = "MoveStdlib"
source = { git = "https://github.com/MystenLabs/sui.git", rev = "97cb8e30857a5fc8358567543ba3eeb6a1c7c1f3", subdir = "crates/sui-framework/packages/move-stdlib" }

[[move.package]]
name = "Sui"
source = { git = "https://github.com/MystenLabs/sui.git", rev = "97cb8e30857a5fc8358567543ba3eeb6a1c7c1f3", subdir = "crates/sui-framework/packages/sui-framework" }

dependencies = [
  { name = "MoveStdlib" },
]
